// !$*UTF8*$!
{
	archiveVersion = 1;
	classes = {
	};
	objectVersion = 77;
	objects = {

/* Begin PBXBuildFile section */
		E700077C2F40222A007857B3 /* Constants.swift in Sources */ = {isa = PBXBuildFile; fileRef = E70007792F40222A007857B3 /* Constants.swift */; };
		E700077D2F40222A007857B3 /* AppearanceTab.swift in Sources */ = {isa = PBXBuildFile; fileRef = E70007722F40222A007857B3 /* AppearanceTab.swift */; };
		E700077E2F40222A007857B3 /* GeneralTab.swift in Sources */ = {isa = PBXBuildFile; fileRef = E70007742F40222A007857B3 /* GeneralTab.swift */; };
		E700077F2F40222A007857B3 /* MotionTab.swift in Sources */ = {isa = PBXBuildFile; fileRef = E70007762F40222A007857B3 /* MotionTab.swift */; };
		E70007802F40222A007857B3 /* MotionToVisualMapper.swift in Sources */ = {isa = PBXBuildFile; fileRef = E70007682F40222A007857B3 /* MotionToVisualMapper.swift */; };
		E70007812F40222A007857B3 /* OverlayWindow.swift in Sources */ = {isa = PBXBuildFile; fileRef = E70007702F40222A007857B3 /* OverlayWindow.swift */; };
		E70007822F40222A007857B3 /* ConnectionTab.swift in Sources */ = {isa = PBXBuildFile; fileRef = E70007732F40222A007857B3 /* ConnectionTab.swift */; };
		E70007832F40222A007857B3 /* DotRenderer.swift in Sources */ = {isa = PBXBuildFile; fileRef = E700076F2F40222A007857B3 /* DotRenderer.swift */; };
		E70007842F40222A007857B3 /* MenuBarView.swift in Sources */ = {isa = PBXBuildFile; fileRef = E70007752F40222A007857B3 /* MenuBarView.swift */; };
		E70007852F40222A007857B3 /* UserDefaults+Settings.swift in Sources */ = {isa = PBXBuildFile; fileRef = E700077A2F40222A007857B3 /* UserDefaults+Settings.swift */; };
		E70007862F40222A007857B3 /* PreferencesWindow.swift in Sources */ = {isa = PBXBuildFile; fileRef = E70007772F40222A007857B3 /* PreferencesWindow.swift */; };
		E70007872F40222A007857B3 /* MotionDataDecoder.swift in Sources */ = {isa = PBXBuildFile; fileRef = E700076B2F40222A007857B3 /* MotionDataDecoder.swift */; };
		E70007882F40222A007857B3 /* AppState.swift in Sources */ = {isa = PBXBuildFile; fileRef = E70007642F40222A007857B3 /* AppState.swift */; };
		E70007892F40222A007857B3 /* MotionDataProcessor.swift in Sources */ = {isa = PBXBuildFile; fileRef = E70007672F40222A007857B3 /* MotionDataProcessor.swift */; };
		E700078A2F40222A007857B3 /* MotionAnchorApp.swift in Sources */ = {isa = PBXBuildFile; fileRef = E70007652F40222A007857B3 /* MotionAnchorApp.swift */; };
		E700078B2F40222A007857B3 /* PeerConnectionManager.swift in Sources */ = {isa = PBXBuildFile; fileRef = E700076C2F40222A007857B3 /* PeerConnectionManager.swift */; };
		E700078C2F40222A007857B3 /* AppDelegate.swift in Sources */ = {isa = PBXBuildFile; fileRef = E70007632F40222A007857B3 /* AppDelegate.swift */; };
		E700078D2F40222A007857B3 /* DotLayoutManager.swift in Sources */ = {isa = PBXBuildFile; fileRef = E700076E2F40222A007857B3 /* DotLayoutManager.swift */; };
		E700078E2F40222A007857B3 /* SimulatedMotion.swift in Sources */ = {isa = PBXBuildFile; fileRef = E70007692F40222A007857B3 /* SimulatedMotion.swift */; };
		E70007922F4022B6007857B3 /* MotionPacket.swift in Sources */ = {isa = PBXBuildFile; fileRef = E700078F2F4022B6007857B3 /* MotionPacket.swift */; };
		E70007932F4022B6007857B3 /* NetworkConstants.swift in Sources */ = {isa = PBXBuildFile; fileRef = E70007902F4022B6007857B3 /* NetworkConstants.swift */; };
/* End PBXBuildFile section */

/* Begin PBXFileReference section */
		E70006D92F40135A007857B3 /* MotionAnchorMac.app */ = {isa = PBXFileReference; explicitFileType = wrapper.application; includeInIndex = 0; path = MotionAnchorMac.app; sourceTree = BUILT_PRODUCTS_DIR; };
		E70007632F40222A007857B3 /* AppDelegate.swift */ = {isa = PBXFileReference; lastKnownFileType = sourcecode.swift; path = AppDelegate.swift; sourceTree = "<group>"; };
		E70007642F40222A007857B3 /* AppState.swift */ = {isa = PBXFileReference; lastKnownFileType = sourcecode.swift; path = AppState.swift; sourceTree = "<group>"; };
		E70007652F40222A007857B3 /* MotionAnchorApp.swift */ = {isa = PBXFileReference; lastKnownFileType = sourcecode.swift; path = MotionAnchorApp.swift; sourceTree = "<group>"; };
		E70007672F40222A007857B3 /* MotionDataProcessor.swift */ = {isa = PBXFileReference; lastKnownFileType = sourcecode.swift; path = MotionDataProcessor.swift; sourceTree = "<group>"; };
		E70007682F40222A007857B3 /* MotionToVisualMapper.swift */ = {isa = PBXFileReference; lastKnownFileType = sourcecode.swift; path = MotionToVisualMapper.swift; sourceTree = "<group>"; };
		E70007692F40222A007857B3 /* SimulatedMotion.swift */ = {isa = PBXFileReference; lastKnownFileType = sourcecode.swift; path = SimulatedMotion.swift; sourceTree = "<group>"; };
		E700076B2F40222A007857B3 /* MotionDataDecoder.swift */ = {isa = PBXFileReference; lastKnownFileType = sourcecode.swift; path = MotionDataDecoder.swift; sourceTree = "<group>"; };
		E700076C2F40222A007857B3 /* PeerConnectionManager.swift */ = {isa = PBXFileReference; lastKnownFileType = sourcecode.swift; path = PeerConnectionManager.swift; sourceTree = "<group>"; };
		E700076E2F40222A007857B3 /* DotLayoutManager.swift */ = {isa = PBXFileReference; lastKnownFileType = sourcecode.swift; path = DotLayoutManager.swift; sourceTree = "<group>"; };
		E700076F2F40222A007857B3 /* DotRenderer.swift */ = {isa = PBXFileReference; lastKnownFileType = sourcecode.swift; path = DotRenderer.swift; sourceTree = "<group>"; };
		E70007702F40222A007857B3 /* OverlayWindow.swift */ = {isa = PBXFileReference; lastKnownFileType = sourcecode.swift; path = OverlayWindow.swift; sourceTree = "<group>"; };
		E70007722F40222A007857B3 /* AppearanceTab.swift */ = {isa = PBXFileReference; lastKnownFileType = sourcecode.swift; path = AppearanceTab.swift; sourceTree = "<group>"; };
		E70007732F40222A007857B3 /* ConnectionTab.swift */ = {isa = PBXFileReference; lastKnownFileType = sourcecode.swift; path = ConnectionTab.swift; sourceTree = "<group>"; };
		E70007742F40222A007857B3 /* GeneralTab.swift */ = {isa = PBXFileReference; lastKnownFileType = sourcecode.swift; path = GeneralTab.swift; sourceTree = "<group>"; };
		E70007752F40222A007857B3 /* MenuBarView.swift */ = {isa = PBXFileReference; lastKnownFileType = sourcecode.swift; path = MenuBarView.swift; sourceTree = "<group>"; };
		E70007762F40222A007857B3 /* MotionTab.swift */ = {isa = PBXFileReference; lastKnownFileType = sourcecode.swift; path = MotionTab.swift; sourceTree = "<group>"; };
		E70007772F40222A007857B3 /* PreferencesWindow.swift */ = {isa = PBXFileReference; lastKnownFileType = sourcecode.swift; path = PreferencesWindow.swift; sourceTree = "<group>"; };
		E70007792F40222A007857B3 /* Constants.swift */ = {isa = PBXFileReference; lastKnownFileType = sourcecode.swift; path = Constants.swift; sourceTree = "<group>"; };
		E700077A2F40222A007857B3 /* UserDefaults+Settings.swift */ = {isa = PBXFileReference; lastKnownFileType = sourcecode.swift; path = "UserDefaults+Settings.swift"; sourceTree = "<group>"; };
		E700078F2F4022B6007857B3 /* MotionPacket.swift */ = {isa = PBXFileReference; lastKnownFileType = sourcecode.swift; path = MotionPacket.swift; sourceTree = "<group>"; };
		E70007902F4022B6007857B3 /* NetworkConstants.swift */ = {isa = PBXFileReference; lastKnownFileType = sourcecode.swift; path = NetworkConstants.swift; sourceTree = "<group>"; };
/* End PBXFileReference section */

/* Begin PBXFileSystemSynchronizedRootGroup section */
		E70006DB2F40135A007857B3 /* MotionAnchorMac */ = {
			isa = PBXFileSystemSynchronizedRootGroup;
			path = MotionAnchorMac;
			sourceTree = "<group>";
		};
/* End PBXFileSystemSynchronizedRootGroup section */

/* Begin PBXFrameworksBuildPhase section */
		E70006D62F40135A007857B3 /* Frameworks */ = {
			isa = PBXFrameworksBuildPhase;
			buildActionMask = 2147483647;
			files = (
			);
			runOnlyForDeploymentPostprocessing = 0;
		};
/* End PBXFrameworksBuildPhase section */

/* Begin PBXGroup section */
		E70006D02F40135A007857B3 = {
			isa = PBXGroup;
			children = (
				E70007912F4022B6007857B3 /* Shared */,
				E70007662F40222A007857B3 /* App */,
				E700076A2F40222A007857B3 /* Motion */,
				E700076D2F40222A007857B3 /* Networking */,
				E70007712F40222A007857B3 /* Overlay */,
				E70007782F40222A007857B3 /* UI */,
				E700077B2F40222A007857B3 /* Utilities */,
				E70006DB2F40135A007857B3 /* MotionAnchorMac */,
				E70006DA2F40135A007857B3 /* Products */,
			);
			sourceTree = "<group>";
		};
		E70006DA2F40135A007857B3 /* Products */ = {
			isa = PBXGroup;
			children = (
				E70006D92F40135A007857B3 /* MotionAnchorMac.app */,
			);
			name = Products;
			sourceTree = "<group>";
		};
		E70007662F40222A007857B3 /* App */ = {
			isa = PBXGroup;
			children = (
				E70007632F40222A007857B3 /* AppDelegate.swift */,
				E70007642F40222A007857B3 /* AppState.swift */,
				E70007652F40222A007857B3 /* MotionAnchorApp.swift */,
			);
			path = App;
			sourceTree = "<group>";
		};
		E700076A2F40222A007857B3 /* Motion */ = {
			isa = PBXGroup;
			children = (
				E70007672F40222A007857B3 /* MotionDataProcessor.swift */,
				E70007682F40222A007857B3 /* MotionToVisualMapper.swift */,
				E70007692F40222A007857B3 /* SimulatedMotion.swift */,
			);
			path = Motion;
			sourceTree = "<group>";
		};
		E700076D2F40222A007857B3 /* Networking */ = {
			isa = PBXGroup;
			children = (
				E700076B2F40222A007857B3 /* MotionDataDecoder.swift */,
				E700076C2F40222A007857B3 /* PeerConnectionManager.swift */,
			);
			path = Networking;
			sourceTree = "<group>";
		};
		E70007712F40222A007857B3 /* Overlay */ = {
			isa = PBXGroup;
			children = (
				E700076E2F40222A007857B3 /* DotLayoutManager.swift */,
				E700076F2F40222A007857B3 /* DotRenderer.swift */,
				E70007702F40222A007857B3 /* OverlayWindow.swift */,
			);
			path = Overlay;
			sourceTree = "<group>";
		};
		E70007782F40222A007857B3 /* UI */ = {
			isa = PBXGroup;
			children = (
				E70007722F40222A007857B3 /* AppearanceTab.swift */,
				E70007732F40222A007857B3 /* ConnectionTab.swift */,
				E70007742F40222A007857B3 /* GeneralTab.swift */,
				E70007752F40222A007857B3 /* MenuBarView.swift */,
				E70007762F40222A007857B3 /* MotionTab.swift */,
				E70007772F40222A007857B3 /* PreferencesWindow.swift */,
			);
			path = UI;
			sourceTree = "<group>";
		};
		E700077B2F40222A007857B3 /* Utilities */ = {
			isa = PBXGroup;
			children = (
				E70007792F40222A007857B3 /* Constants.swift */,
				E700077A2F40222A007857B3 /* UserDefaults+Settings.swift */,
			);
			path = Utilities;
			sourceTree = "<group>";
		};
		E70007912F4022B6007857B3 /* Shared */ = {
			isa = PBXGroup;
			children = (
				E700078F2F4022B6007857B3 /* MotionPacket.swift */,
				E70007902F4022B6007857B3 /* NetworkConstants.swift */,
			);
			path = Shared;
			sourceTree = "<group>";
		};
/* End PBXGroup section */

/* Begin PBXNativeTarget section */
		E70006D82F40135A007857B3 /* MotionAnchorMac */ = {
			isa = PBXNativeTarget;
			buildConfigurationList = E70006E42F40135B007857B3 /* Build configuration list for PBXNativeTarget "MotionAnchorMac" */;
			buildPhases = (
				E70006D52F40135A007857B3 /* Sources */,
				E70006D62F40135A007857B3 /* Frameworks */,
				E70006D72F40135A007857B3 /* Resources */,
			);
			buildRules = (
			);
			dependencies = (
			);
			fileSystemSynchronizedGroups = (
				E70006DB2F40135A007857B3 /* MotionAnchorMac */,
			);
			name = MotionAnchorMac;
			packageProductDependencies = (
			);
			productName = MotionAnchorMac;
			productReference = E70006D92F40135A007857B3 /* MotionAnchorMac.app */;
			productType = "com.apple.product-type.application";
		};
/* End PBXNativeTarget section */

/* Begin PBXProject section */
		E70006D12F40135A007857B3 /* Project object */ = {
			isa = PBXProject;
			attributes = {
				BuildIndependentTargetsInParallel = 1;
				LastSwiftUpdateCheck = 2620;
				LastUpgradeCheck = 2620;
				TargetAttributes = {
					E70006D82F40135A007857B3 = {
						CreatedOnToolsVersion = 26.2;
					};
				};
			};
			buildConfigurationList = E70006D42F40135A007857B3 /* Build configuration list for PBXProject "MotionAnchorMac" */;
			developmentRegion = en;
			hasScannedForEncodings = 0;
			knownRegions = (
				en,
				Base,
			);
			mainGroup = E70006D02F40135A007857B3;
			minimizedProjectReferenceProxies = 1;
			preferredProjectObjectVersion = 77;
			productRefGroup = E70006DA2F40135A007857B3 /* Products */;
			projectDirPath = "";
			projectRoot = "";
			targets = (
				E70006D82F40135A007857B3 /* MotionAnchorMac */,
			);
		};
/* End PBXProject section */

/* Begin PBXResourcesBuildPhase section */
		E70006D72F40135A007857B3 /* Resources */ = {
			isa = PBXResourcesBuildPhase;
			buildActionMask = 2147483647;
			files = (
			);
			runOnlyForDeploymentPostprocessing = 0;
		};
/* End PBXResourcesBuildPhase section */

/* Begin PBXSourcesBuildPhase section */
		E70006D52F40135A007857B3 /* Sources */ = {
			isa = PBXSourcesBuildPhase;
			buildActionMask = 2147483647;
			files = (
				E700077C2F40222A007857B3 /* Constants.swift in Sources */,
				E700077D2F40222A007857B3 /* AppearanceTab.swift in Sources */,
				E700077E2F40222A007857B3 /* GeneralTab.swift in Sources */,
				E70007922F4022B6007857B3 /* MotionPacket.swift in Sources */,
				E70007932F4022B6007857B3 /* NetworkConstants.swift in Sources */,
				E700077F2F40222A007857B3 /* MotionTab.swift in Sources */,
				E70007802F40222A007857B3 /* MotionToVisualMapper.swift in Sources */,
				E70007812F40222A007857B3 /* OverlayWindow.swift in Sources */,
				E70007822F40222A007857B3 /* ConnectionTab.swift in Sources */,
				E70007832F40222A007857B3 /* DotRenderer.swift in Sources */,
				E70007842F40222A007857B3 /* MenuBarView.swift in Sources */,
				E70007852F40222A007857B3 /* UserDefaults+Settings.swift in Sources */,
				E70007862F40222A007857B3 /* PreferencesWindow.swift in Sources */,
				E70007872F40222A007857B3 /* MotionDataDecoder.swift in Sources */,
				E70007882F40222A007857B3 /* AppState.swift in Sources */,
				E70007892F40222A007857B3 /* MotionDataProcessor.swift in Sources */,
				E700078A2F40222A007857B3 /* MotionAnchorApp.swift in Sources */,
				E700078B2F40222A007857B3 /* PeerConnectionManager.swift in Sources */,
				E700078C2F40222A007857B3 /* AppDelegate.swift in Sources */,
				E700078D2F40222A007857B3 /* DotLayoutManager.swift in Sources */,
				E700078E2F40222A007857B3 /* SimulatedMotion.swift in Sources */,
			);
			runOnlyForDeploymentPostprocessing = 0;
		};
/* End PBXSourcesBuildPhase section */

/* Begin XCBuildConfiguration section */
		E70006E22F40135B007857B3 /* Debug */ = {
			isa = XCBuildConfiguration;
			buildSettings = {
				ALWAYS_SEARCH_USER_PATHS = NO;
				ASSETCATALOG_COMPILER_GENERATE_SWIFT_ASSET_SYMBOL_EXTENSIONS = YES;
				CLANG_ANALYZER_NONNULL = YES;
				CLANG_ANALYZER_NUMBER_OBJECT_CONVERSION = YES_AGGRESSIVE;
				CLANG_CXX_LANGUAGE_STANDARD = "gnu++20";
				CLANG_ENABLE_MODULES = YES;
				CLANG_ENABLE_OBJC_ARC = YES;
				CLANG_ENABLE_OBJC_WEAK = YES;
				CLANG_WARN_BLOCK_CAPTURE_AUTORELEASING = YES;
				CLANG_WARN_BOOL_CONVERSION = YES;
				CLANG_WARN_COMMA = YES;
				CLANG_WARN_CONSTANT_CONVERSION = YES;
				CLANG_WARN_DEPRECATED_OBJC_IMPLEMENTATIONS = YES;
				CLANG_WARN_DIRECT_OBJC_ISA_USAGE = YES_ERROR;
				CLANG_WARN_DOCUMENTATION_COMMENTS = YES;
				CLANG_WARN_EMPTY_BODY = YES;
				CLANG_WARN_ENUM_CONVERSION = YES;
				CLANG_WARN_INFINITE_RECURSION = YES;
				CLANG_WARN_INT_CONVERSION = YES;
				CLANG_WARN_NON_LITERAL_NULL_CONVERSION = YES;
				CLANG_WARN_OBJC_IMPLICIT_RETAIN_SELF = YES;
				CLANG_WARN_OBJC_LITERAL_CONVERSION = YES;
				CLANG_WARN_OBJC_ROOT_CLASS = YES_ERROR;
				CLANG_WARN_QUOTED_INCLUDE_IN_FRAMEWORK_HEADER = YES;
				CLANG_WARN_RANGE_LOOP_ANALYSIS = YES;
				CLANG_WARN_STRICT_PROTOTYPES = YES;
				CLANG_WARN_SUSPICIOUS_MOVE = YES;
				CLANG_WARN_UNGUARDED_AVAILABILITY = YES_AGGRESSIVE;
				CLANG_WARN_UNREACHABLE_CODE = YES;
				CLANG_WARN__DUPLICATE_METHOD_MATCH = YES;
				COPY_PHASE_STRIP = NO;
				DEBUG_INFORMATION_FORMAT = dwarf;
				ENABLE_STRICT_OBJC_MSGSEND = YES;
				ENABLE_TESTABILITY = YES;
				ENABLE_USER_SCRIPT_SANDBOXING = YES;
				GCC_C_LANGUAGE_STANDARD = gnu17;
				GCC_DYNAMIC_NO_PIC = NO;
				GCC_NO_COMMON_BLOCKS = YES;
				GCC_OPTIMIZATION_LEVEL = 0;
				GCC_PREPROCESSOR_DEFINITIONS = (
					"DEBUG=1",
					"$(inherited)",
				);
				GCC_WARN_64_TO_32_BIT_CONVERSION = YES;
				GCC_WARN_ABOUT_RETURN_TYPE = YES_ERROR;
				GCC_WARN_UNDECLARED_SELECTOR = YES;
				GCC_WARN_UNINITIALIZED_AUTOS = YES_AGGRESSIVE;
				GCC_WARN_UNUSED_FUNCTION = YES;
				GCC_WARN_UNUSED_VARIABLE = YES;
				LOCALIZATION_PREFERS_STRING_CATALOGS = YES;
				MTL_ENABLE_DEBUG_INFO = INCLUDE_SOURCE;
				MTL_FAST_MATH = YES;
				ONLY_ACTIVE_ARCH = YES;
				SWIFT_ACTIVE_COMPILATION_CONDITIONS = "DEBUG $(inherited)";
				SWIFT_OPTIMIZATION_LEVEL = "-Onone";
			};
			name = Debug;
		};
		E70006E32F40135B007857B3 /* Release */ = {
			isa = XCBuildConfiguration;
			buildSettings = {
				ALWAYS_SEARCH_USER_PATHS = NO;
				ASSETCATALOG_COMPILER_GENERATE_SWIFT_ASSET_SYMBOL_EXTENSIONS = YES;
				CLANG_ANALYZER_NONNULL = YES;
				CLANG_ANALYZER_NUMBER_OBJECT_CONVERSION = YES_AGGRESSIVE;
				CLANG_CXX_LANGUAGE_STANDARD = "gnu++20";
				CLANG_ENABLE_MODULES = YES;
				CLANG_ENABLE_OBJC_ARC = YES;
				CLANG_ENABLE_OBJC_WEAK = YES;
				CLANG_WARN_BLOCK_CAPTURE_AUTORELEASING = YES;
				CLANG_WARN_BOOL_CONVERSION = YES;
				CLANG_WARN_COMMA = YES;
				CLANG_WARN_CONSTANT_CONVERSION = YES;
				CLANG_WARN_DEPRECATED_OBJC_IMPLEMENTATIONS = YES;
				CLANG_WARN_DIRECT_OBJC_ISA_USAGE = YES_ERROR;
				CLANG_WARN_DOCUMENTATION_COMMENTS = YES;
				CLANG_WARN_EMPTY_BODY = YES;
				CLANG_WARN_ENUM_CONVERSION = YES;
				CLANG_WARN_INFINITE_RECURSION = YES;
				CLANG_WARN_INT_CONVERSION = YES;
				CLANG_WARN_NON_LITERAL_NULL_CONVERSION = YES;
				CLANG_WARN_OBJC_IMPLICIT_RETAIN_SELF = YES;
				CLANG_WARN_OBJC_LITERAL_CONVERSION = YES;
				CLANG_WARN_OBJC_ROOT_CLASS = YES_ERROR;
				CLANG_WARN_QUOTED_INCLUDE_IN_FRAMEWORK_HEADER = YES;
				CLANG_WARN_RANGE_LOOP_ANALYSIS = YES;
				CLANG_WARN_STRICT_PROTOTYPES = YES;
				CLANG_WARN_SUSPICIOUS_MOVE = YES;
				CLANG_WARN_UNGUARDED_AVAILABILITY = YES_AGGRESSIVE;
				CLANG_WARN_UNREACHABLE_CODE = YES;
				CLANG_WARN__DUPLICATE_METHOD_MATCH = YES;
				COPY_PHASE_STRIP = NO;
				DEBUG_INFORMATION_FORMAT = "dwarf-with-dsym";
				ENABLE_NS_ASSERTIONS = NO;
				ENABLE_STRICT_OBJC_MSGSEND = YES;
				ENABLE_USER_SCRIPT_SANDBOXING = YES;
				GCC_C_LANGUAGE_STANDARD = gnu17;
				GCC_NO_COMMON_BLOCKS = YES;
				GCC_WARN_64_TO_32_BIT_CONVERSION = YES;
				GCC_WARN_ABOUT_RETURN_TYPE = YES_ERROR;
				GCC_WARN_UNDECLARED_SELECTOR = YES;
				GCC_WARN_UNINITIALIZED_AUTOS = YES_AGGRESSIVE;
				GCC_WARN_UNUSED_FUNCTION = YES;
				GCC_WARN_UNUSED_VARIABLE = YES;
				LOCALIZATION_PREFERS_STRING_CATALOGS = YES;
				MTL_ENABLE_DEBUG_INFO = NO;
				MTL_FAST_MATH = YES;
				SWIFT_COMPILATION_MODE = wholemodule;
			};
			name = Release;
		};
		E70006E52F40135B007857B3 /* Debug */ = {
			isa = XCBuildConfiguration;
			buildSettings = {
				ASSETCATALOG_COMPILER_APPICON_NAME = AppIcon;
				ASSETCATALOG_COMPILER_GLOBAL_ACCENT_COLOR_NAME = AccentColor;
				CODE_SIGN_STYLE = Automatic;
				CURRENT_PROJECT_VERSION = 1;
				ENABLE_APP_SANDBOX = NO;
				ENABLE_PREVIEWS = YES;
				ENABLE_USER_SELECTED_FILES = readonly;
				GENERATE_INFOPLIST_FILE = YES;
				INFOPLIST_FILE = MotionAnchorMac/Info.plist;
				"INFOPLIST_KEY_UIApplicationSceneManifest_Generation[sdk=iphoneos*]" = YES;
				"INFOPLIST_KEY_UIApplicationSceneManifest_Generation[sdk=iphonesimulator*]" = YES;
				"INFOPLIST_KEY_UIApplicationSupportsIndirectInputEvents[sdk=iphoneos*]" = YES;
				"INFOPLIST_KEY_UIApplicationSupportsIndirectInputEvents[sdk=iphonesimulator*]" = YES;
				"INFOPLIST_KEY_UILaunchScreen_Generation[sdk=iphoneos*]" = YES;
				"INFOPLIST_KEY_UILaunchScreen_Generation[sdk=iphonesimulator*]" = YES;
				"INFOPLIST_KEY_UIStatusBarStyle[sdk=iphoneos*]" = UIStatusBarStyleDefault;
				"INFOPLIST_KEY_UIStatusBarStyle[sdk=iphonesimulator*]" = UIStatusBarStyleDefault;
				INFOPLIST_KEY_UISupportedInterfaceOrientations_iPad = "UIInterfaceOrientationPortrait UIInterfaceOrientationPortraitUpsideDown UIInterfaceOrientationLandscapeLeft UIInterfaceOrientationLandscapeRight";
				INFOPLIST_KEY_UISupportedInterfaceOrientations_iPhone = "UIInterfaceOrientationPortrait UIInterfaceOrientationLandscapeLeft UIInterfaceOrientationLandscapeRight";
				IPHONEOS_DEPLOYMENT_TARGET = 26.2;
				LD_RUNPATH_SEARCH_PATHS = "@executable_path/Frameworks";
				"LD_RUNPATH_SEARCH_PATHS[sdk=macosx*]" = "@executable_path/../Frameworks";
				MACOSX_DEPLOYMENT_TARGET = 26.2;
				MARKETING_VERSION = 1.0;
				PRODUCT_BUNDLE_IDENTIFIER = com.motionanchor.MotionAnchorMac;
				PRODUCT_NAME = "$(TARGET_NAME)";
				REGISTER_APP_GROUPS = YES;
				SDKROOT = auto;
				STRING_CATALOG_GENERATE_SYMBOLS = YES;
				SUPPORTED_PLATFORMS = "iphoneos iphonesimulator macosx xros xrsimulator";
				SWIFT_APPROACHABLE_CONCURRENCY = YES;
				SWIFT_DEFAULT_ACTOR_ISOLATION = MainActor;
				SWIFT_EMIT_LOC_STRINGS = YES;
				SWIFT_UPCOMING_FEATURE_MEMBER_IMPORT_VISIBILITY = YES;
				SWIFT_VERSION = 5.0;
				TARGETED_DEVICE_FAMILY = "1,2,7";
				XROS_DEPLOYMENT_TARGET = 26.2;
			};
			name = Debug;
		};
		E70006E62F40135B007857B3 /* Release */ = {
			isa = XCBuildConfiguration;
			buildSettings = {
				ASSETCATALOG_COMPILER_APPICON_NAME = AppIcon;
				ASSETCATALOG_COMPILER_GLOBAL_ACCENT_COLOR_NAME = AccentColor;
				CODE_SIGN_STYLE = Automatic;
				CURRENT_PROJECT_VERSION = 1;
				ENABLE_APP_SANDBOX = NO;
				ENABLE_PREVIEWS = YES;
				ENABLE_USER_SELECTED_FILES = readonly;
				GENERATE_INFOPLIST_FILE = YES;
				INFOPLIST_FILE = MotionAnchorMac/Info.plist;
				"INFOPLIST_KEY_UIApplicationSceneManifest_Generation[sdk=iphoneos*]" = YES;
				"INFOPLIST_KEY_UIApplicationSceneManifest_Generation[sdk=iphonesimulator*]" = YES;
				"INFOPLIST_KEY_UIApplicationSupportsIndirectInputEvents[sdk=iphoneos*]" = YES;
				"INFOPLIST_KEY_UIApplicationSupportsIndirectInputEvents[sdk=iphonesimulator*]" = YES;
				"INFOPLIST_KEY_UILaunchScreen_Generation[sdk=iphoneos*]" = YES;
				"INFOPLIST_KEY_UILaunchScreen_Generation[sdk=iphonesimulator*]" = YES;
				"INFOPLIST_KEY_UIStatusBarStyle[sdk=iphoneos*]" = UIStatusBarStyleDefault;
				"INFOPLIST_KEY_UIStatusBarStyle[sdk=iphonesimulator*]" = UIStatusBarStyleDefault;
				INFOPLIST_KEY_UISupportedInterfaceOrientations_iPad = "UIInterfaceOrientationPortrait UIInterfaceOrientationPortraitUpsideDown UIInterfaceOrientationLandscapeLeft UIInterfaceOrientationLandscapeRight";
				INFOPLIST_KEY_UISupportedInterfaceOrientations_iPhone = "UIInterfaceOrientationPortrait UIInterfaceOrientationLandscapeLeft UIInterfaceOrientationLandscapeRight";
				IPHONEOS_DEPLOYMENT_TARGET = 26.2;
				LD_RUNPATH_SEARCH_PATHS = "@executable_path/Frameworks";
				"LD_RUNPATH_SEARCH_PATHS[sdk=macosx*]" = "@executable_path/../Frameworks";
				MACOSX_DEPLOYMENT_TARGET = 26.2;
				MARKETING_VERSION = 1.0;
				PRODUCT_BUNDLE_IDENTIFIER = com.motionanchor.MotionAnchorMac;
				PRODUCT_NAME = "$(TARGET_NAME)";
				REGISTER_APP_GROUPS = YES;
				SDKROOT = auto;
				STRING_CATALOG_GENERATE_SYMBOLS = YES;
				SUPPORTED_PLATFORMS = "iphoneos iphonesimulator macosx xros xrsimulator";
				SWIFT_APPROACHABLE_CONCURRENCY = YES;
				SWIFT_DEFAULT_ACTOR_ISOLATION = MainActor;
				SWIFT_EMIT_LOC_STRINGS = YES;
				SWIFT_UPCOMING_FEATURE_MEMBER_IMPORT_VISIBILITY = YES;
				SWIFT_VERSION = 5.0;
				TARGETED_DEVICE_FAMILY = "1,2,7";
				XROS_DEPLOYMENT_TARGET = 26.2;
			};
			name = Release;
		};
/* End XCBuildConfiguration section */

/* Begin XCConfigurationList section */
		E70006D42F40135A007857B3 /* Build configuration list for PBXProject "MotionAnchorMac" */ = {
			isa = XCConfigurationList;
			buildConfigurations = (
				E70006E22F40135B007857B3 /* Debug */,
				E70006E32F40135B007857B3 /* Release */,
			);
			defaultConfigurationIsVisible = 0;
			defaultConfigurationName = Release;
		};
		E70006E42F40135B007857B3 /* Build configuration list for PBXNativeTarget "MotionAnchorMac" */ = {
			isa = XCConfigurationList;
			buildConfigurations = (
				E70006E52F40135B007857B3 /* Debug */,
				E70006E62F40135B007857B3 /* Release */,
			);
			defaultConfigurationIsVisible = 0;
			defaultConfigurationName = Release;
		};
/* End XCConfigurationList section */
	};
	rootObject = E70006D12F40135A007857B3 /* Project object */;
}
